
Microsoft Visual Studio Solution File, Format Version 11.00
# Visual Studio 2010
Project("{FAE04EC0-301F-11D3-BF4B-00C04F79EFBC}") = "Assembly-CSharp", "Assembly-CSharp.csproj", "{B656444D-E325-8B3F-9598-3D4F749C322E}"
EndProject
Project("{FAE04EC0-301F-11D3-BF4B-00C04F79EFBC}") = "Assembly-CSharp-Editor", "Assembly-CSharp-Editor.csproj", "{21B64F00-74E6-B5C0-AA37-B2763CFEDBEE}"
EndProject
Global
	GlobalSection(SolutionConfigurationPlatforms) = preSolution
		Debug|Any CPU = Debug|Any CPU
		Release|Any CPU = Release|Any CPU
	EndGlobalSection
	GlobalSection(ProjectConfigurationPlatforms) = postSolution
		{B656444D-E325-8B3F-9598-3D4F749C322E}.Debug|Any CPU.ActiveCfg = Debug|Any CPU
		{B656444D-E325-8B3F-9598-3D4F749C322E}.Debug|Any CPU.Build.0 = Debug|Any CPU
		{B656444D-E325-8B3F-9598-3D4F749C322E}.Release|Any CPU.ActiveCfg = Release|Any CPU
		{B656444D-E325-8B3F-9598-3D4F749C322E}.Release|Any CPU.Build.0 = Release|Any CPU
		{21B64F00-74E6-B5C0-AA37-B2763CFEDBEE}.Debug|Any CPU.ActiveCfg = Debug|Any CPU
		{21B64F00-74E6-B5C0-AA37-B2763CFEDBEE}.Debug|Any CPU.Build.0 = Debug|Any CPU
		{21B64F00-74E6-B5C0-AA37-B2763CFEDBEE}.Release|Any CPU.ActiveCfg = Release|Any CPU
		{21B64F00-74E6-B5C0-AA37-B2763CFEDBEE}.Release|Any CPU.Build.0 = Release|Any CPU
	EndGlobalSection
	GlobalSection(SolutionProperties) = preSolution
		HideSolutionNode = FALSE
	EndGlobalSection
	GlobalSection(MonoDevelopProperties) = preSolution
		StartupItem = Assembly-CSharp.csproj
	EndGlobalSection
EndGlobal
